
Microsoft Visual Studio Solution File, Format Version 12.00
# Visual Studio 15
VisualStudioVersion = 15.0.28307.852
MinimumVisualStudioVersion = 10.0.40219.1
Project("{FAE04EC0-301F-11D3-BF4B-00C04F79EFBC}") = "RMDataManager", "RMDataManager\RMDataManager.csproj", "{2A4DD2D7-A1C5-4464-9362-F9226948A007}"
EndProject
Project("{00D1A9C2-B5F0-4AF3-8072-F6C62B433612}") = "RMData", "RMData\RMData.sqlproj", "{26BC509B-952C-4B2D-993F-2DF249AE0510}"
EndProject
Project("{FAE04EC0-301F-11D3-BF4B-00C04F79EFBC}") = "RMWPFUI", "RMWPFUI\RMWPFUI.csproj", "{8BE77469-E591-43C9-B262-F80C9E45361D}"
EndProject
Project("{FAE04EC0-301F-11D3-BF4B-00C04F79EFBC}") = "RMDataManager.Library", "RMDataManager.Library\RMDataManager.Library.csproj", "{55086EF2-834B-4C7D-BDFB-0D88A425166A}"
EndProject
Global
	GlobalSection(SolutionConfigurationPlatforms) = preSolution
		Debug|Any CPU = Debug|Any CPU
		Release|Any CPU = Release|Any CPU
	EndGlobalSection
	GlobalSection(ProjectConfigurationPlatforms) = postSolution
		{2A4DD2D7-A1C5-4464-9362-F9226948A007}.Debug|Any CPU.ActiveCfg = Debug|Any CPU
		{2A4DD2D7-A1C5-4464-9362-F9226948A007}.Debug|Any CPU.Build.0 = Debug|Any CPU
		{2A4DD2D7-A1C5-4464-9362-F9226948A007}.Release|Any CPU.ActiveCfg = Release|Any CPU
		{2A4DD2D7-A1C5-4464-9362-F9226948A007}.Release|Any CPU.Build.0 = Release|Any CPU
		{26BC509B-952C-4B2D-993F-2DF249AE0510}.Debug|Any CPU.ActiveCfg = Debug|Any CPU
		{26BC509B-952C-4B2D-993F-2DF249AE0510}.Debug|Any CPU.Build.0 = Debug|Any CPU
		{26BC509B-952C-4B2D-993F-2DF249AE0510}.Debug|Any CPU.Deploy.0 = Debug|Any CPU
		{26BC509B-952C-4B2D-993F-2DF249AE0510}.Release|Any CPU.ActiveCfg = Release|Any CPU
		{26BC509B-952C-4B2D-993F-2DF249AE0510}.Release|Any CPU.Build.0 = Release|Any CPU
		{26BC509B-952C-4B2D-993F-2DF249AE0510}.Release|Any CPU.Deploy.0 = Release|Any CPU
		{8BE77469-E591-43C9-B262-F80C9E45361D}.Debug|Any CPU.ActiveCfg = Debug|Any CPU
		{8BE77469-E591-43C9-B262-F80C9E45361D}.Debug|Any CPU.Build.0 = Debug|Any CPU
		{8BE77469-E591-43C9-B262-F80C9E45361D}.Release|Any CPU.ActiveCfg = Release|Any CPU
		{8BE77469-E591-43C9-B262-F80C9E45361D}.Release|Any CPU.Build.0 = Release|Any CPU
		{55086EF2-834B-4C7D-BDFB-0D88A425166A}.Debug|Any CPU.ActiveCfg = Debug|Any CPU
		{55086EF2-834B-4C7D-BDFB-0D88A425166A}.Debug|Any CPU.Build.0 = Debug|Any CPU
		{55086EF2-834B-4C7D-BDFB-0D88A425166A}.Release|Any CPU.ActiveCfg = Release|Any CPU
		{55086EF2-834B-4C7D-BDFB-0D88A425166A}.Release|Any CPU.Build.0 = Release|Any CPU
	EndGlobalSection
	GlobalSection(SolutionProperties) = preSolution
		HideSolutionNode = FALSE
	EndGlobalSection
	GlobalSection(ExtensibilityGlobals) = postSolution
		SolutionGuid = {C4A610A5-4DEB-4B6D-BA9F-271482CEB888}
	EndGlobalSection
EndGlobal
